// !$*UTF8*$!
{
	archiveVersion = 1;
	classes = {
	};
	objectVersion = 50;
	objects = {

/* Begin PBXBuildFile section */
		12A05D7E5453099C3D784FB6 /* Pods_ExampleTests.framework in Frameworks */ = {isa = PBXBuildFile; fileRef = A140C0DA6E7C117C071A6E3C /* Pods_ExampleTests.framework */; };
		5378D46BDEFA475FFD3DA96F /* Pods_Example.framework in Frameworks */ = {isa = PBXBuildFile; fileRef = 669C9BF3ABDFBE354993CBDB /* Pods_Example.framework */; };
		83DDA4027A4C326B648DBD01 /* Pods_ExampleUITests.framework in Frameworks */ = {isa = PBXBuildFile; fileRef = B13D8B01019B9A283E92C158 /* Pods_ExampleUITests.framework */; };
		EF87379020CE153700528BB0 /* AppDelegate.swift in Sources */ = {isa = PBXBuildFile; fileRef = EF87378F20CE153700528BB0 /* AppDelegate.swift */; };
		EF87379220CE153700528BB0 /* ViewController.swift in Sources */ = {isa = PBXBuildFile; fileRef = EF87379120CE153700528BB0 /* ViewController.swift */; };
		EF87379520CE153700528BB0 /* Main.storyboard in Resources */ = {isa = PBXBuildFile; fileRef = EF87379320CE153700528BB0 /* Main.storyboard */; };
		EF87379720CE153900528BB0 /* Assets.xcassets in Resources */ = {isa = PBXBuildFile; fileRef = EF87379620CE153900528BB0 /* Assets.xcassets */; };
		EF87379A20CE153900528BB0 /* LaunchScreen.storyboard in Resources */ = {isa = PBXBuildFile; fileRef = EF87379820CE153900528BB0 /* LaunchScreen.storyboard */; };
		EF8737A520CE153900528BB0 /* ExampleTests.swift in Sources */ = {isa = PBXBuildFile; fileRef = EF8737A420CE153900528BB0 /* ExampleTests.swift */; };
		EF8737B020CE153900528BB0 /* ExampleUITests.swift in Sources */ = {isa = PBXBuildFile; fileRef = EF8737AF20CE153900528BB0 /* ExampleUITests.swift */; };
/* End PBXBuildFile section */

/* Begin PBXContainerItemProxy section */
		EF8737A120CE153900528BB0 /* PBXContainerItemProxy */ = {
			isa = PBXContainerItemProxy;
			containerPortal = EF87378420CE153700528BB0 /* Project object */;
			proxyType = 1;
			remoteGlobalIDString = EF87378B20CE153700528BB0;
			remoteInfo = Example;
		};
		EF8737AC20CE153900528BB0 /* PBXContainerItemProxy */ = {
			isa = PBXContainerItemProxy;
			containerPortal = EF87378420CE153700528BB0 /* Project object */;
			proxyType = 1;
			remoteGlobalIDString = EF87378B20CE153700528BB0;
			remoteInfo = Example;
		};
/* End PBXContainerItemProxy section */

/* Begin PBXFileReference section */
		0F5FD371B3B605E3F76B7DDA /* Pods-Example.release.xcconfig */ = {isa = PBXFileReference; includeInIndex = 1; lastKnownFileType = text.xcconfig; name = "Pods-Example.release.xcconfig"; path = "Pods/Target Support Files/Pods-Example/Pods-Example.release.xcconfig"; sourceTree = "<group>"; };
		2DFB0F165BDBC8A018A82D5A /* Pods-ExampleTests.release.xcconfig */ = {isa = PBXFileReference; includeInIndex = 1; lastKnownFileType = text.xcconfig; name = "Pods-ExampleTests.release.xcconfig"; path = "Pods/Target Support Files/Pods-ExampleTests/Pods-ExampleTests.release.xcconfig"; sourceTree = "<group>"; };
		601EB5592E7D471E40267487 /* Pods-Example.debug.xcconfig */ = {isa = PBXFileReference; includeInIndex = 1; lastKnownFileType = text.xcconfig; name = "Pods-Example.debug.xcconfig"; path = "Pods/Target Support Files/Pods-Example/Pods-Example.debug.xcconfig"; sourceTree = "<group>"; };
		669C9BF3ABDFBE354993CBDB /* Pods_Example.framework */ = {isa = PBXFileReference; explicitFileType = wrapper.framework; includeInIndex = 0; path = Pods_Example.framework; sourceTree = BUILT_PRODUCTS_DIR; };
		90B7E93C7F55A4EC23D35AAB /* Pods-ExampleUITests.release.xcconfig */ = {isa = PBXFileReference; includeInIndex = 1; lastKnownFileType = text.xcconfig; name = "Pods-ExampleUITests.release.xcconfig"; path = "Pods/Target Support Files/Pods-ExampleUITests/Pods-ExampleUITests.release.xcconfig"; sourceTree = "<group>"; };
		A140C0DA6E7C117C071A6E3C /* Pods_ExampleTests.framework */ = {isa = PBXFileReference; explicitFileType = wrapper.framework; includeInIndex = 0; path = Pods_ExampleTests.framework; sourceTree = BUILT_PRODUCTS_DIR; };
		B13D8B01019B9A283E92C158 /* Pods_ExampleUITests.framework */ = {isa = PBXFileReference; explicitFileType = wrapper.framework; includeInIndex = 0; path = Pods_ExampleUITests.framework; sourceTree = BUILT_PRODUCTS_DIR; };
		B61F940AA462F1C9B772780F /* Pods-ExampleUITests.debug.xcconfig */ = {isa = PBXFileReference; includeInIndex = 1; lastKnownFileType = text.xcconfig; name = "Pods-ExampleUITests.debug.xcconfig"; path = "Pods/Target Support Files/Pods-ExampleUITests/Pods-ExampleUITests.debug.xcconfig"; sourceTree = "<group>"; };
		EF33FFF220CE7D560087AF5F /* Example.entitlements */ = {isa = PBXFileReference; lastKnownFileType = text.plist.entitlements; path = Example.entitlements; sourceTree = "<group>"; };
		EF87378C20CE153700528BB0 /* Example.app */ = {isa = PBXFileReference; explicitFileType = wrapper.application; includeInIndex = 0; path = Example.app; sourceTree = BUILT_PRODUCTS_DIR; };
		EF87378F20CE153700528BB0 /* AppDelegate.swift */ = {isa = PBXFileReference; lastKnownFileType = sourcecode.swift; path = AppDelegate.swift; sourceTree = "<group>"; };
		EF87379120CE153700528BB0 /* ViewController.swift */ = {isa = PBXFileReference; lastKnownFileType = sourcecode.swift; path = ViewController.swift; sourceTree = "<group>"; };
		EF87379420CE153700528BB0 /* Base */ = {isa = PBXFileReference; lastKnownFileType = file.storyboard; name = Base; path = Base.lproj/Main.storyboard; sourceTree = "<group>"; };
		EF87379620CE153900528BB0 /* Assets.xcassets */ = {isa = PBXFileReference; lastKnownFileType = folder.assetcatalog; path = Assets.xcassets; sourceTree = "<group>"; };
		EF87379920CE153900528BB0 /* Base */ = {isa = PBXFileReference; lastKnownFileType = file.storyboard; name = Base; path = Base.lproj/LaunchScreen.storyboard; sourceTree = "<group>"; };
		EF87379B20CE153900528BB0 /* Info.plist */ = {isa = PBXFileReference; lastKnownFileType = text.plist.xml; path = Info.plist; sourceTree = "<group>"; };
		EF8737A020CE153900528BB0 /* ExampleTests.xctest */ = {isa = PBXFileReference; explicitFileType = wrapper.cfbundle; includeInIndex = 0; path = ExampleTests.xctest; sourceTree = BUILT_PRODUCTS_DIR; };
		EF8737A420CE153900528BB0 /* ExampleTests.swift */ = {isa = PBXFileReference; lastKnownFileType = sourcecode.swift; path = ExampleTests.swift; sourceTree = "<group>"; };
		EF8737A620CE153900528BB0 /* Info.plist */ = {isa = PBXFileReference; lastKnownFileType = text.plist.xml; path = Info.plist; sourceTree = "<group>"; };
		EF8737AB20CE153900528BB0 /* ExampleUITests.xctest */ = {isa = PBXFileReference; explicitFileType = wrapper.cfbundle; includeInIndex = 0; path = ExampleUITests.xctest; sourceTree = BUILT_PRODUCTS_DIR; };
		EF8737AF20CE153900528BB0 /* ExampleUITests.swift */ = {isa = PBXFileReference; lastKnownFileType = sourcecode.swift; path = ExampleUITests.swift; sourceTree = "<group>"; };
		EF8737B120CE153900528BB0 /* Info.plist */ = {isa = PBXFileReference; lastKnownFileType = text.plist.xml; path = Info.plist; sourceTree = "<group>"; };
		F1A7CC512B7753AE593CBFC2 /* Pods-ExampleTests.debug.xcconfig */ = {isa = PBXFileReference; includeInIndex = 1; lastKnownFileType = text.xcconfig; name = "Pods-ExampleTests.debug.xcconfig"; path = "Pods/Target Support Files/Pods-ExampleTests/Pods-ExampleTests.debug.xcconfig"; sourceTree = "<group>"; };
/* End PBXFileReference section */

/* Begin PBXFrameworksBuildPhase section */
		EF87378920CE153700528BB0 /* Frameworks */ = {
			isa = PBXFrameworksBuildPhase;
			buildActionMask = 2147483647;
			files = (
				5378D46BDEFA475FFD3DA96F /* Pods_Example.framework in Frameworks */,
			);
			runOnlyForDeploymentPostprocessing = 0;
		};
		EF87379D20CE153900528BB0 /* Frameworks */ = {
			isa = PBXFrameworksBuildPhase;
			buildActionMask = 2147483647;
			files = (
				12A05D7E5453099C3D784FB6 /* Pods_ExampleTests.framework in Frameworks */,
			);
			runOnlyForDeploymentPostprocessing = 0;
		};
		EF8737A820CE153900528BB0 /* Frameworks */ = {
			isa = PBXFrameworksBuildPhase;
			buildActionMask = 2147483647;
			files = (
				83DDA4027A4C326B648DBD01 /* Pods_ExampleUITests.framework in Frameworks */,
			);
			runOnlyForDeploymentPostprocessing = 0;
		};
/* End PBXFrameworksBuildPhase section */

/* Begin PBXGroup section */
		1E1CBAA9905A47BD6A43F739 /* Pods */ = {
			isa = PBXGroup;
			children = (
				601EB5592E7D471E40267487 /* Pods-Example.debug.xcconfig */,
				0F5FD371B3B605E3F76B7DDA /* Pods-Example.release.xcconfig */,
				F1A7CC512B7753AE593CBFC2 /* Pods-ExampleTests.debug.xcconfig */,
				2DFB0F165BDBC8A018A82D5A /* Pods-ExampleTests.release.xcconfig */,
				B61F940AA462F1C9B772780F /* Pods-ExampleUITests.debug.xcconfig */,
				90B7E93C7F55A4EC23D35AAB /* Pods-ExampleUITests.release.xcconfig */,
			);
			name = Pods;
			sourceTree = "<group>";
		};
		5C394F512B9E282B0FBD3A6E /* Frameworks */ = {
			isa = PBXGroup;
			children = (
				669C9BF3ABDFBE354993CBDB /* Pods_Example.framework */,
				A140C0DA6E7C117C071A6E3C /* Pods_ExampleTests.framework */,
				B13D8B01019B9A283E92C158 /* Pods_ExampleUITests.framework */,
			);
			name = Frameworks;
			sourceTree = "<group>";
		};
		EF87378320CE153700528BB0 = {
			isa = PBXGroup;
			children = (
				EF87378E20CE153700528BB0 /* Example */,
				EF8737A320CE153900528BB0 /* ExampleTests */,
				EF8737AE20CE153900528BB0 /* ExampleUITests */,
				EF87378D20CE153700528BB0 /* Products */,
				1E1CBAA9905A47BD6A43F739 /* Pods */,
				5C394F512B9E282B0FBD3A6E /* Frameworks */,
			);
			sourceTree = "<group>";
		};
		EF87378D20CE153700528BB0 /* Products */ = {
			isa = PBXGroup;
			children = (
				EF87378C20CE153700528BB0 /* Example.app */,
				EF8737A020CE153900528BB0 /* ExampleTests.xctest */,
				EF8737AB20CE153900528BB0 /* ExampleUITests.xctest */,
			);
			name = Products;
			sourceTree = "<group>";
		};
		EF87378E20CE153700528BB0 /* Example */ = {
			isa = PBXGroup;
			children = (
				EF33FFF220CE7D560087AF5F /* Example.entitlements */,
				EF87378F20CE153700528BB0 /* AppDelegate.swift */,
				EF87379120CE153700528BB0 /* ViewController.swift */,
				EF87379320CE153700528BB0 /* Main.storyboard */,
				EF87379620CE153900528BB0 /* Assets.xcassets */,
				EF87379820CE153900528BB0 /* LaunchScreen.storyboard */,
				EF87379B20CE153900528BB0 /* Info.plist */,
			);
			path = Example;
			sourceTree = "<group>";
		};
		EF8737A320CE153900528BB0 /* ExampleTests */ = {
			isa = PBXGroup;
			children = (
				EF8737A420CE153900528BB0 /* ExampleTests.swift */,
				EF8737A620CE153900528BB0 /* Info.plist */,
			);
			path = ExampleTests;
			sourceTree = "<group>";
		};
		EF8737AE20CE153900528BB0 /* ExampleUITests */ = {
			isa = PBXGroup;
			children = (
				EF8737AF20CE153900528BB0 /* ExampleUITests.swift */,
				EF8737B120CE153900528BB0 /* Info.plist */,
			);
			path = ExampleUITests;
			sourceTree = "<group>";
		};
/* End PBXGroup section */

/* Begin PBXNativeTarget section */
		EF87378B20CE153700528BB0 /* Example */ = {
			isa = PBXNativeTarget;
			buildConfigurationList = EF8737B420CE153900528BB0 /* Build configuration list for PBXNativeTarget "Example" */;
			buildPhases = (
				F9263A7875335D4A749DD8D9 /* [CP] Check Pods Manifest.lock */,
				EF87378820CE153700528BB0 /* Sources */,
				EF87378920CE153700528BB0 /* Frameworks */,
				EF87378A20CE153700528BB0 /* Resources */,
				19006D8EEF973D023850C84A /* [CP] Embed Pods Frameworks */,
				A909E2E48BA9E7BFF8BEC1C9 /* [CP] Copy Pods Resources */,
			);
			buildRules = (
			);
			dependencies = (
			);
			name = Example;
			productName = Example;
			productReference = EF87378C20CE153700528BB0 /* Example.app */;
			productType = "com.apple.product-type.application";
		};
		EF87379F20CE153900528BB0 /* ExampleTests */ = {
			isa = PBXNativeTarget;
			buildConfigurationList = EF8737B720CE153900528BB0 /* Build configuration list for PBXNativeTarget "ExampleTests" */;
			buildPhases = (
				C1598D0C2BB1AC09EA77BCC8 /* [CP] Check Pods Manifest.lock */,
				EF87379C20CE153900528BB0 /* Sources */,
				EF87379D20CE153900528BB0 /* Frameworks */,
				EF87379E20CE153900528BB0 /* Resources */,
			);
			buildRules = (
			);
			dependencies = (
				EF8737A220CE153900528BB0 /* PBXTargetDependency */,
			);
			name = ExampleTests;
			productName = ExampleTests;
			productReference = EF8737A020CE153900528BB0 /* ExampleTests.xctest */;
			productType = "com.apple.product-type.bundle.unit-test";
		};
		EF8737AA20CE153900528BB0 /* ExampleUITests */ = {
			isa = PBXNativeTarget;
			buildConfigurationList = EF8737BA20CE153900528BB0 /* Build configuration list for PBXNativeTarget "ExampleUITests" */;
			buildPhases = (
				61447FF93EE3FE11F54AE01C /* [CP] Check Pods Manifest.lock */,
				EF8737A720CE153900528BB0 /* Sources */,
				EF8737A820CE153900528BB0 /* Frameworks */,
				EF8737A920CE153900528BB0 /* Resources */,
			);
			buildRules = (
			);
			dependencies = (
				EF8737AD20CE153900528BB0 /* PBXTargetDependency */,
			);
			name = ExampleUITests;
			productName = ExampleUITests;
			productReference = EF8737AB20CE153900528BB0 /* ExampleUITests.xctest */;
			productType = "com.apple.product-type.bundle.ui-testing";
		};
/* End PBXNativeTarget section */

/* Begin PBXProject section */
		EF87378420CE153700528BB0 /* Project object */ = {
			isa = PBXProject;
			attributes = {
				LastSwiftUpdateCheck = 0930;
				LastUpgradeCheck = 0930;
				ORGANIZATIONNAME = lamlv;
				TargetAttributes = {
					EF87378B20CE153700528BB0 = {
						CreatedOnToolsVersion = 9.3.1;
						SystemCapabilities = {
							com.apple.BackgroundModes = {
								enabled = 1;
							};
							com.apple.Push = {
								enabled = 1;
							};
						};
					};
					EF87379F20CE153900528BB0 = {
						CreatedOnToolsVersion = 9.3.1;
						TestTargetID = EF87378B20CE153700528BB0;
					};
					EF8737AA20CE153900528BB0 = {
						CreatedOnToolsVersion = 9.3.1;
						TestTargetID = EF87378B20CE153700528BB0;
					};
				};
			};
			buildConfigurationList = EF87378720CE153700528BB0 /* Build configuration list for PBXProject "Example" */;
			compatibilityVersion = "Xcode 9.3";
			developmentRegion = en;
			hasScannedForEncodings = 0;
			knownRegions = (
				en,
				Base,
			);
			mainGroup = EF87378320CE153700528BB0;
			productRefGroup = EF87378D20CE153700528BB0 /* Products */;
			projectDirPath = "";
			projectRoot = "";
			targets = (
				EF87378B20CE153700528BB0 /* Example */,
				EF87379F20CE153900528BB0 /* ExampleTests */,
				EF8737AA20CE153900528BB0 /* ExampleUITests */,
			);
		};
/* End PBXProject section */

/* Begin PBXResourcesBuildPhase section */
		EF87378A20CE153700528BB0 /* Resources */ = {
			isa = PBXResourcesBuildPhase;
			buildActionMask = 2147483647;
			files = (
				EF87379A20CE153900528BB0 /* LaunchScreen.storyboard in Resources */,
				EF87379720CE153900528BB0 /* Assets.xcassets in Resources */,
				EF87379520CE153700528BB0 /* Main.storyboard in Resources */,
			);
			runOnlyForDeploymentPostprocessing = 0;
		};
		EF87379E20CE153900528BB0 /* Resources */ = {
			isa = PBXResourcesBuildPhase;
			buildActionMask = 2147483647;
			files = (
			);
			runOnlyForDeploymentPostprocessing = 0;
		};
		EF8737A920CE153900528BB0 /* Resources */ = {
			isa = PBXResourcesBuildPhase;
			buildActionMask = 2147483647;
			files = (
			);
			runOnlyForDeploymentPostprocessing = 0;
		};
/* End PBXResourcesBuildPhase section */

/* Begin PBXShellScriptBuildPhase section */
		19006D8EEF973D023850C84A /* [CP] Embed Pods Frameworks */ = {
			isa = PBXShellScriptBuildPhase;
			buildActionMask = 2147483647;
			files = (
			);
			inputPaths = (
				"${SRCROOT}/Pods/Target Support Files/Pods-Example/Pods-Example-frameworks.sh",
				"${PODS_ROOT}/AzCall/AzCall-1.0.1/AzCall.framework",
				"${PODS_ROOT}/AzCore/AzCore-1.0.12/AzCore.framework",
				"${BUILT_PRODUCTS_DIR}/CocoaAsyncSocket/CocoaAsyncSocket.framework",
				"${BUILT_PRODUCTS_DIR}/FMDB/FMDB.framework",
				"${PODS_ROOT}/GoogleWebRTC/Frameworks/frameworks/WebRTC.framework",
				"${BUILT_PRODUCTS_DIR}/PulsingHalo/PulsingHalo.framework",
				"${BUILT_PRODUCTS_DIR}/ReachabilitySwift/Reachability.framework",
			);
			name = "[CP] Embed Pods Frameworks";
			outputPaths = (
				"${TARGET_BUILD_DIR}/${FRAMEWORKS_FOLDER_PATH}/AzCall.framework",
				"${TARGET_BUILD_DIR}/${FRAMEWORKS_FOLDER_PATH}/AzCore.framework",
				"${TARGET_BUILD_DIR}/${FRAMEWORKS_FOLDER_PATH}/CocoaAsyncSocket.framework",
				"${TARGET_BUILD_DIR}/${FRAMEWORKS_FOLDER_PATH}/FMDB.framework",
				"${TARGET_BUILD_DIR}/${FRAMEWORKS_FOLDER_PATH}/WebRTC.framework",
				"${TARGET_BUILD_DIR}/${FRAMEWORKS_FOLDER_PATH}/PulsingHalo.framework",
				"${TARGET_BUILD_DIR}/${FRAMEWORKS_FOLDER_PATH}/Reachability.framework",
			);
			runOnlyForDeploymentPostprocessing = 0;
			shellPath = /bin/sh;
			shellScript = "\"${SRCROOT}/Pods/Target Support Files/Pods-Example/Pods-Example-frameworks.sh\"\n";
			showEnvVarsInLog = 0;
		};
		61447FF93EE3FE11F54AE01C /* [CP] Check Pods Manifest.lock */ = {
			isa = PBXShellScriptBuildPhase;
			buildActionMask = 2147483647;
			files = (
			);
			inputPaths = (
				"${PODS_PODFILE_DIR_PATH}/Podfile.lock",
				"${PODS_ROOT}/Manifest.lock",
			);
			name = "[CP] Check Pods Manifest.lock";
			outputPaths = (
				"$(DERIVED_FILE_DIR)/Pods-ExampleUITests-checkManifestLockResult.txt",
			);
			runOnlyForDeploymentPostprocessing = 0;
			shellPath = /bin/sh;
			shellScript = "diff \"${PODS_PODFILE_DIR_PATH}/Podfile.lock\" \"${PODS_ROOT}/Manifest.lock\" > /dev/null\nif [ $? != 0 ] ; then\n    # print error to STDERR\n    echo \"error: The sandbox is not in sync with the Podfile.lock. Run 'pod install' or update your CocoaPods installation.\" >&2\n    exit 1\nfi\n# This output is used by Xcode 'outputs' to avoid re-running this script phase.\necho \"SUCCESS\" > \"${SCRIPT_OUTPUT_FILE_0}\"\n";
			showEnvVarsInLog = 0;
		};
		A909E2E48BA9E7BFF8BEC1C9 /* [CP] Copy Pods Resources */ = {
			isa = PBXShellScriptBuildPhase;
			buildActionMask = 2147483647;
			files = (
			);
			inputPaths = (
				"${SRCROOT}/Pods/Target Support Files/Pods-Example/Pods-Example-resources.sh",
				"${PODS_ROOT}/AzCall/AzCall-1.0.1/AzCall.framework/Assets.car",
				"${PODS_ROOT}/AzCall/AzCall-1.0.1/AzCall.framework/call-ringing.wav",
				"${PODS_ROOT}/AzCall/AzCall-1.0.1/AzCall.framework/incoming-call.wav",
				"${PODS_ROOT}/AzCall/AzCall-1.0.1/AzCall.framework/msg-received.wav",
				"${PODS_ROOT}/AzCall/AzCall-1.0.1/AzCall.framework/msg-sent.wav",
				"${PODS_ROOT}/AzCall/AzCall-1.0.1/AzCall.framework/call-busy.mp3",
				"${PODS_ROOT}/AzCall/AzCall-1.0.1/AzCall.framework/call-ended.mp3",
				"${PODS_CONFIGURATION_BUILD_DIR}/AzCore/Res.bundle",
			);
			name = "[CP] Copy Pods Resources";
			outputPaths = (
				"${TARGET_BUILD_DIR}/${UNLOCALIZED_RESOURCES_FOLDER_PATH}/Assets.car",
				"${TARGET_BUILD_DIR}/${UNLOCALIZED_RESOURCES_FOLDER_PATH}/call-ringing.wav",
				"${TARGET_BUILD_DIR}/${UNLOCALIZED_RESOURCES_FOLDER_PATH}/incoming-call.wav",
				"${TARGET_BUILD_DIR}/${UNLOCALIZED_RESOURCES_FOLDER_PATH}/msg-received.wav",
				"${TARGET_BUILD_DIR}/${UNLOCALIZED_RESOURCES_FOLDER_PATH}/msg-sent.wav",
				"${TARGET_BUILD_DIR}/${UNLOCALIZED_RESOURCES_FOLDER_PATH}/call-busy.mp3",
				"${TARGET_BUILD_DIR}/${UNLOCALIZED_RESOURCES_FOLDER_PATH}/call-ended.mp3",
				"${TARGET_BUILD_DIR}/${UNLOCALIZED_RESOURCES_FOLDER_PATH}/Res.bundle",
			);
			runOnlyForDeploymentPostprocessing = 0;
			shellPath = /bin/sh;
			shellScript = "\"${SRCROOT}/Pods/Target Support Files/Pods-Example/Pods-Example-resources.sh\"\n";
			showEnvVarsInLog = 0;
		};
		C1598D0C2BB1AC09EA77BCC8 /* [CP] Check Pods Manifest.lock */ = {
			isa = PBXShellScriptBuildPhase;
			buildActionMask = 2147483647;
			files = (
			);
			inputPaths = (
				"${PODS_PODFILE_DIR_PATH}/Podfile.lock",
				"${PODS_ROOT}/Manifest.lock",
			);
			name = "[CP] Check Pods Manifest.lock";
			outputPaths = (
				"$(DERIVED_FILE_DIR)/Pods-ExampleTests-checkManifestLockResult.txt",
			);
			runOnlyForDeploymentPostprocessing = 0;
			shellPath = /bin/sh;
			shellScript = "diff \"${PODS_PODFILE_DIR_PATH}/Podfile.lock\" \"${PODS_ROOT}/Manifest.lock\" > /dev/null\nif [ $? != 0 ] ; then\n    # print error to STDERR\n    echo \"error: The sandbox is not in sync with the Podfile.lock. Run 'pod install' or update your CocoaPods installation.\" >&2\n    exit 1\nfi\n# This output is used by Xcode 'outputs' to avoid re-running this script phase.\necho \"SUCCESS\" > \"${SCRIPT_OUTPUT_FILE_0}\"\n";
			showEnvVarsInLog = 0;
		};
		F9263A7875335D4A749DD8D9 /* [CP] Check Pods Manifest.lock */ = {
			isa = PBXShellScriptBuildPhase;
			buildActionMask = 2147483647;
			files = (
			);
			inputPaths = (
				"${PODS_PODFILE_DIR_PATH}/Podfile.lock",
				"${PODS_ROOT}/Manifest.lock",
			);
			name = "[CP] Check Pods Manifest.lock";
			outputPaths = (
				"$(DERIVED_FILE_DIR)/Pods-Example-checkManifestLockResult.txt",
			);
			runOnlyForDeploymentPostprocessing = 0;
			shellPath = /bin/sh;
			shellScript = "diff \"${PODS_PODFILE_DIR_PATH}/Podfile.lock\" \"${PODS_ROOT}/Manifest.lock\" > /dev/null\nif [ $? != 0 ] ; then\n    # print error to STDERR\n    echo \"error: The sandbox is not in sync with the Podfile.lock. Run 'pod install' or update your CocoaPods installation.\" >&2\n    exit 1\nfi\n# This output is used by Xcode 'outputs' to avoid re-running this script phase.\necho \"SUCCESS\" > \"${SCRIPT_OUTPUT_FILE_0}\"\n";
			showEnvVarsInLog = 0;
		};
/* End PBXShellScriptBuildPhase section */

/* Begin PBXSourcesBuildPhase section */
		EF87378820CE153700528BB0 /* Sources */ = {
			isa = PBXSourcesBuildPhase;
			buildActionMask = 2147483647;
			files = (
				EF87379220CE153700528BB0 /* ViewController.swift in Sources */,
				EF87379020CE153700528BB0 /* AppDelegate.swift in Sources */,
			);
			runOnlyForDeploymentPostprocessing = 0;
		};
		EF87379C20CE153900528BB0 /* Sources */ = {
			isa = PBXSourcesBuildPhase;
			buildActionMask = 2147483647;
			files = (
				EF8737A520CE153900528BB0 /* ExampleTests.swift in Sources */,
			);
			runOnlyForDeploymentPostprocessing = 0;
		};
		EF8737A720CE153900528BB0 /* Sources */ = {
			isa = PBXSourcesBuildPhase;
			buildActionMask = 2147483647;
			files = (
				EF8737B020CE153900528BB0 /* ExampleUITests.swift in Sources */,
			);
			runOnlyForDeploymentPostprocessing = 0;
		};
/* End PBXSourcesBuildPhase section */

/* Begin PBXTargetDependency section */
		EF8737A220CE153900528BB0 /* PBXTargetDependency */ = {
			isa = PBXTargetDependency;
			target = EF87378B20CE153700528BB0 /* Example */;
			targetProxy = EF8737A120CE153900528BB0 /* PBXContainerItemProxy */;
		};
		EF8737AD20CE153900528BB0 /* PBXTargetDependency */ = {
			isa = PBXTargetDependency;
			target = EF87378B20CE153700528BB0 /* Example */;
			targetProxy = EF8737AC20CE153900528BB0 /* PBXContainerItemProxy */;
		};
/* End PBXTargetDependency section */

/* Begin PBXVariantGroup section */
		EF87379320CE153700528BB0 /* Main.storyboard */ = {
			isa = PBXVariantGroup;
			children = (
				EF87379420CE153700528BB0 /* Base */,
			);
			name = Main.storyboard;
			sourceTree = "<group>";
		};
		EF87379820CE153900528BB0 /* LaunchScreen.storyboard */ = {
			isa = PBXVariantGroup;
			children = (
				EF87379920CE153900528BB0 /* Base */,
			);
			name = LaunchScreen.storyboard;
			sourceTree = "<group>";
		};
/* End PBXVariantGroup section */

/* Begin XCBuildConfiguration section */
		EF8737B220CE153900528BB0 /* Debug */ = {
			isa = XCBuildConfiguration;
			buildSettings = {
				ALWAYS_SEARCH_USER_PATHS = NO;
				CLANG_ANALYZER_NONNULL = YES;
				CLANG_ANALYZER_NUMBER_OBJECT_CONVERSION = YES_AGGRESSIVE;
				CLANG_CXX_LANGUAGE_STANDARD = "gnu++14";
				CLANG_CXX_LIBRARY = "libc++";
				CLANG_ENABLE_MODULES = YES;
				CLANG_ENABLE_OBJC_ARC = YES;
				CLANG_ENABLE_OBJC_WEAK = YES;
				CLANG_WARN_BLOCK_CAPTURE_AUTORELEASING = YES;
				CLANG_WARN_BOOL_CONVERSION = YES;
				CLANG_WARN_COMMA = YES;
				CLANG_WARN_CONSTANT_CONVERSION = YES;
				CLANG_WARN_DEPRECATED_OBJC_IMPLEMENTATIONS = YES;
				CLANG_WARN_DIRECT_OBJC_ISA_USAGE = YES_ERROR;
				CLANG_WARN_DOCUMENTATION_COMMENTS = YES;
				CLANG_WARN_EMPTY_BODY = YES;
				CLANG_WARN_ENUM_CONVERSION = YES;
				CLANG_WARN_INFINITE_RECURSION = YES;
				CLANG_WARN_INT_CONVERSION = YES;
				CLANG_WARN_NON_LITERAL_NULL_CONVERSION = YES;
				CLANG_WARN_OBJC_IMPLICIT_RETAIN_SELF = YES;
				CLANG_WARN_OBJC_LITERAL_CONVERSION = YES;
				CLANG_WARN_OBJC_ROOT_CLASS = YES_ERROR;
				CLANG_WARN_RANGE_LOOP_ANALYSIS = YES;
				CLANG_WARN_STRICT_PROTOTYPES = YES;
				CLANG_WARN_SUSPICIOUS_MOVE = YES;
				CLANG_WARN_UNGUARDED_AVAILABILITY = YES_AGGRESSIVE;
				CLANG_WARN_UNREACHABLE_CODE = YES;
				CLANG_WARN__DUPLICATE_METHOD_MATCH = YES;
				CODE_SIGN_IDENTITY = "iPhone Developer";
				COPY_PHASE_STRIP = NO;
				DEBUG_INFORMATION_FORMAT = dwarf;
				ENABLE_STRICT_OBJC_MSGSEND = YES;
				ENABLE_TESTABILITY = YES;
				GCC_C_LANGUAGE_STANDARD = gnu11;
				GCC_DYNAMIC_NO_PIC = NO;
				GCC_NO_COMMON_BLOCKS = YES;
				GCC_OPTIMIZATION_LEVEL = 0;
				GCC_PREPROCESSOR_DEFINITIONS = (
					"DEBUG=1",
					"$(inherited)",
				);
				GCC_WARN_64_TO_32_BIT_CONVERSION = YES;
				GCC_WARN_ABOUT_RETURN_TYPE = YES_ERROR;
				GCC_WARN_UNDECLARED_SELECTOR = YES;
				GCC_WARN_UNINITIALIZED_AUTOS = YES_AGGRESSIVE;
				GCC_WARN_UNUSED_FUNCTION = YES;
				GCC_WARN_UNUSED_VARIABLE = YES;
				IPHONEOS_DEPLOYMENT_TARGET = 11.3;
				MTL_ENABLE_DEBUG_INFO = YES;
				ONLY_ACTIVE_ARCH = YES;
				SDKROOT = iphoneos;
				SWIFT_ACTIVE_COMPILATION_CONDITIONS = DEBUG;
				SWIFT_OPTIMIZATION_LEVEL = "-Onone";
			};
			name = Debug;
		};
		EF8737B320CE153900528BB0 /* Release */ = {
			isa = XCBuildConfiguration;
			buildSettings = {
				ALWAYS_SEARCH_USER_PATHS = NO;
				CLANG_ANALYZER_NONNULL = YES;
				CLANG_ANALYZER_NUMBER_OBJECT_CONVERSION = YES_AGGRESSIVE;
				CLANG_CXX_LANGUAGE_STANDARD = "gnu++14";
				CLANG_CXX_LIBRARY = "libc++";
				CLANG_ENABLE_MODULES = YES;
				CLANG_ENABLE_OBJC_ARC = YES;
				CLANG_ENABLE_OBJC_WEAK = YES;
				CLANG_WARN_BLOCK_CAPTURE_AUTORELEASING = YES;
				CLANG_WARN_BOOL_CONVERSION = YES;
				CLANG_WARN_COMMA = YES;
				CLANG_WARN_CONSTANT_CONVERSION = YES;
				CLANG_WARN_DEPRECATED_OBJC_IMPLEMENTATIONS = YES;
				CLANG_WARN_DIRECT_OBJC_ISA_USAGE = YES_ERROR;
				CLANG_WARN_DOCUMENTATION_COMMENTS = YES;
				CLANG_WARN_EMPTY_BODY = YES;
				CLANG_WARN_ENUM_CONVERSION = YES;
				CLANG_WARN_INFINITE_RECURSION = YES;
				CLANG_WARN_INT_CONVERSION = YES;
				CLANG_WARN_NON_LITERAL_NULL_CONVERSION = YES;
				CLANG_WARN_OBJC_IMPLICIT_RETAIN_SELF = YES;
				CLANG_WARN_OBJC_LITERAL_CONVERSION = YES;
				CLANG_WARN_OBJC_ROOT_CLASS = YES_ERROR;
				CLANG_WARN_RANGE_LOOP_ANALYSIS = YES;
				CLANG_WARN_STRICT_PROTOTYPES = YES;
				CLANG_WARN_SUSPICIOUS_MOVE = YES;
				CLANG_WARN_UNGUARDED_AVAILABILITY = YES_AGGRESSIVE;
				CLANG_WARN_UNREACHABLE_CODE = YES;
				CLANG_WARN__DUPLICATE_METHOD_MATCH = YES;
				CODE_SIGN_IDENTITY = "iPhone Developer";
				COPY_PHASE_STRIP = NO;
				DEBUG_INFORMATION_FORMAT = "dwarf-with-dsym";
				ENABLE_NS_ASSERTIONS = NO;
				ENABLE_STRICT_OBJC_MSGSEND = YES;
				GCC_C_LANGUAGE_STANDARD = gnu11;
				GCC_NO_COMMON_BLOCKS = YES;
				GCC_WARN_64_TO_32_BIT_CONVERSION = YES;
				GCC_WARN_ABOUT_RETURN_TYPE = YES_ERROR;
				GCC_WARN_UNDECLARED_SELECTOR = YES;
				GCC_WARN_UNINITIALIZED_AUTOS = YES_AGGRESSIVE;
				GCC_WARN_UNUSED_FUNCTION = YES;
				GCC_WARN_UNUSED_VARIABLE = YES;
				IPHONEOS_DEPLOYMENT_TARGET = 11.3;
				MTL_ENABLE_DEBUG_INFO = NO;
				SDKROOT = iphoneos;
				SWIFT_COMPILATION_MODE = wholemodule;
				SWIFT_OPTIMIZATION_LEVEL = "-O";
				VALIDATE_PRODUCT = YES;
			};
			name = Release;
		};
		EF8737B520CE153900528BB0 /* Debug */ = {
			isa = XCBuildConfiguration;
			baseConfigurationReference = 601EB5592E7D471E40267487 /* Pods-Example.debug.xcconfig */;
			buildSettings = {
				ASSETCATALOG_COMPILER_APPICON_NAME = AppIcon;
				CODE_SIGN_ENTITLEMENTS = Example/Example.entitlements;
				CODE_SIGN_STYLE = Automatic;
				DEVELOPMENT_TEAM = K62UXDC4YQ;
				ENABLE_BITCODE = NO;
				INFOPLIST_FILE = Example/Info.plist;
				IPHONEOS_DEPLOYMENT_TARGET = 9.0;
				LD_RUNPATH_SEARCH_PATHS = (
					"$(inherited)",
					"@executable_path/Frameworks",
				);
				PRODUCT_BUNDLE_IDENTIFIER = com.azstack.Example;
				PRODUCT_NAME = "$(TARGET_NAME)";
				SWIFT_VERSION = 4.0;
				TARGETED_DEVICE_FAMILY = "1,2";
			};
			name = Debug;
		};
		EF8737B620CE153900528BB0 /* Release */ = {
			isa = XCBuildConfiguration;
			baseConfigurationReference = 0F5FD371B3B605E3F76B7DDA /* Pods-Example.release.xcconfig */;
			buildSettings = {
				ASSETCATALOG_COMPILER_APPICON_NAME = AppIcon;
				CODE_SIGN_ENTITLEMENTS = Example/Example.entitlements;
				CODE_SIGN_STYLE = Automatic;
				DEVELOPMENT_TEAM = K62UXDC4YQ;
				ENABLE_BITCODE = NO;
				INFOPLIST_FILE = Example/Info.plist;
				IPHONEOS_DEPLOYMENT_TARGET = 9.0;
				LD_RUNPATH_SEARCH_PATHS = (
					"$(inherited)",
					"@executable_path/Frameworks",
				);
				PRODUCT_BUNDLE_IDENTIFIER = com.azstack.Example;
				PRODUCT_NAME = "$(TARGET_NAME)";
				SWIFT_VERSION = 4.0;
				TARGETED_DEVICE_FAMILY = "1,2";
			};
			name = Release;
		};
		EF8737B820CE153900528BB0 /* Debug */ = {
			isa = XCBuildConfiguration;
			baseConfigurationReference = F1A7CC512B7753AE593CBFC2 /* Pods-ExampleTests.debug.xcconfig */;
			buildSettings = {
				ALWAYS_EMBED_SWIFT_STANDARD_LIBRARIES = YES;
				BUNDLE_LOADER = "$(TEST_HOST)";
				CODE_SIGN_STYLE = Automatic;
				DEVELOPMENT_TEAM = K62UXDC4YQ;
				INFOPLIST_FILE = ExampleTests/Info.plist;
				LD_RUNPATH_SEARCH_PATHS = (
					"$(inherited)",
					"@executable_path/Frameworks",
					"@loader_path/Frameworks",
				);
				PRODUCT_BUNDLE_IDENTIFIER = com.azstack.ExampleTests;
				PRODUCT_NAME = "$(TARGET_NAME)";
				SWIFT_VERSION = 4.0;
				TARGETED_DEVICE_FAMILY = "1,2";
				TEST_HOST = "$(BUILT_PRODUCTS_DIR)/Example.app/Example";
			};
			name = Debug;
		};
		EF8737B920CE153900528BB0 /* Release */ = {
			isa = XCBuildConfiguration;
			baseConfigurationReference = 2DFB0F165BDBC8A018A82D5A /* Pods-ExampleTests.release.xcconfig */;
			buildSettings = {
				ALWAYS_EMBED_SWIFT_STANDARD_LIBRARIES = YES;
				BUNDLE_LOADER = "$(TEST_HOST)";
				CODE_SIGN_STYLE = Automatic;
				DEVELOPMENT_TEAM = K62UXDC4YQ;
				INFOPLIST_FILE = ExampleTests/Info.plist;
				LD_RUNPATH_SEARCH_PATHS = (
					"$(inherited)",
					"@executable_path/Frameworks",
					"@loader_path/Frameworks",
				);
				PRODUCT_BUNDLE_IDENTIFIER = com.azstack.ExampleTests;
				PRODUCT_NAME = "$(TARGET_NAME)";
				SWIFT_VERSION = 4.0;
				TARGETED_DEVICE_FAMILY = "1,2";
				TEST_HOST = "$(BUILT_PRODUCTS_DIR)/Example.app/Example";
			};
			name = Release;
		};
		EF8737BB20CE153900528BB0 /* Debug */ = {
			isa = XCBuildConfiguration;
			baseConfigurationReference = B61F940AA462F1C9B772780F /* Pods-ExampleUITests.debug.xcconfig */;
			buildSettings = {
				ALWAYS_EMBED_SWIFT_STANDARD_LIBRARIES = YES;
				CODE_SIGN_STYLE = Automatic;
				DEVELOPMENT_TEAM = K62UXDC4YQ;
				INFOPLIST_FILE = ExampleUITests/Info.plist;
				LD_RUNPATH_SEARCH_PATHS = (
					"$(inherited)",
					"@executable_path/Frameworks",
					"@loader_path/Frameworks",
				);
				PRODUCT_BUNDLE_IDENTIFIER = com.azstack.ExampleUITests;
				PRODUCT_NAME = "$(TARGET_NAME)";
				SWIFT_VERSION = 4.0;
				TARGETED_DEVICE_FAMILY = "1,2";
				TEST_TARGET_NAME = Example;
			};
			name = Debug;
		};
		EF8737BC20CE153900528BB0 /* Release */ = {
			isa = XCBuildConfiguration;
			baseConfigurationReference = 90B7E93C7F55A4EC23D35AAB /* Pods-ExampleUITests.release.xcconfig */;
			buildSettings = {
				ALWAYS_EMBED_SWIFT_STANDARD_LIBRARIES = YES;
				CODE_SIGN_STYLE = Automatic;
				DEVELOPMENT_TEAM = K62UXDC4YQ;
				INFOPLIST_FILE = ExampleUITests/Info.plist;
				LD_RUNPATH_SEARCH_PATHS = (
					"$(inherited)",
					"@executable_path/Frameworks",
					"@loader_path/Frameworks",
				);
				PRODUCT_BUNDLE_IDENTIFIER = com.azstack.ExampleUITests;
				PRODUCT_NAME = "$(TARGET_NAME)";
				SWIFT_VERSION = 4.0;
				TARGETED_DEVICE_FAMILY = "1,2";
				TEST_TARGET_NAME = Example;
			};
			name = Release;
		};
/* End XCBuildConfiguration section */

/* Begin XCConfigurationList section */
		EF87378720CE153700528BB0 /* Build configuration list for PBXProject "Example" */ = {
			isa = XCConfigurationList;
			buildConfigurations = (
				EF8737B220CE153900528BB0 /* Debug */,
				EF8737B320CE153900528BB0 /* Release */,
			);
			defaultConfigurationIsVisible = 0;
			defaultConfigurationName = Release;
		};
		EF8737B420CE153900528BB0 /* Build configuration list for PBXNativeTarget "Example" */ = {
			isa = XCConfigurationList;
			buildConfigurations = (
				EF8737B520CE153900528BB0 /* Debug */,
				EF8737B620CE153900528BB0 /* Release */,
			);
			defaultConfigurationIsVisible = 0;
			defaultConfigurationName = Release;
		};
		EF8737B720CE153900528BB0 /* Build configuration list for PBXNativeTarget "ExampleTests" */ = {
			isa = XCConfigurationList;
			buildConfigurations = (
				EF8737B820CE153900528BB0 /* Debug */,
				EF8737B920CE153900528BB0 /* Release */,
			);
			defaultConfigurationIsVisible = 0;
			defaultConfigurationName = Release;
		};
		EF8737BA20CE153900528BB0 /* Build configuration list for PBXNativeTarget "ExampleUITests" */ = {
			isa = XCConfigurationList;
			buildConfigurations = (
				EF8737BB20CE153900528BB0 /* Debug */,
				EF8737BC20CE153900528BB0 /* Release */,
			);
			defaultConfigurationIsVisible = 0;
			defaultConfigurationName = Release;
		};
/* End XCConfigurationList section */
	};
	rootObject = EF87378420CE153700528BB0 /* Project object */;
}
